
Microsoft Visual Studio Solution File, Format Version 12.00
# Visual Studio Version 16
VisualStudioVersion = 16.0.30611.23
MinimumVisualStudioVersion = 10.0.40219.1
Project("{FAE04EC0-301F-11D3-BF4B-00C04F79EFBC}") = "Work6", "Work6\Work6.csproj", "{0A85600F-4151-44AF-9270-5B3734D866BC}"
EndProject
Global
	GlobalSection(SolutionConfigurationPlatforms) = preSolution
		Debug|Any CPU = Debug|Any CPU
		Release|Any CPU = Release|Any CPU
	EndGlobalSection
	GlobalSection(ProjectConfigurationPlatforms) = postSolution
		{0A85600F-4151-44AF-9270-5B3734D866BC}.Debug|Any CPU.ActiveCfg = Debug|Any CPU
		{0A85600F-4151-44AF-9270-5B3734D866BC}.Debug|Any CPU.Build.0 = Debug|Any CPU
		{0A85600F-4151-44AF-9270-5B3734D866BC}.Release|Any CPU.ActiveCfg = Release|Any CPU
		{0A85600F-4151-44AF-9270-5B3734D866BC}.Release|Any CPU.Build.0 = Release|Any CPU
	EndGlobalSection
	GlobalSection(SolutionProperties) = preSolution
		HideSolutionNode = FALSE
	EndGlobalSection
	GlobalSection(ExtensibilityGlobals) = postSolution
		SolutionGuid = {4DC30E7C-3A65-41BA-BAC4-26ACB61A9081}
	EndGlobalSection
EndGlobal
